
Microsoft Visual Studio Solution File, Format Version 12.00
# Visual Studio Version 17
VisualStudioVersion = 17.5.002.0
MinimumVisualStudioVersion = 10.0.40219.1
Project("{9A19103F-16F7-4668-BE54-9A1E7A4F7556}") = "LMS.Api", "LMS.Api\LMS.Api.csproj", "{6775B5DA-4BC0-44CB-B5FE-504723C42FFB}"
EndProject
Project("{FAE04EC0-301F-11D3-BF4B-00C04F79EFBC}") = "LMS.Core", "LMS.Core\LMS.Core.csproj", "{8C136A38-04B6-4E42-AAA1-6A26F01A49CE}"
EndProject
Project("{FAE04EC0-301F-11D3-BF4B-00C04F79EFBC}") = "LMS.Data", "LMS.Data\LMS.Data.csproj", "{C25B6BAC-B95A-47FF-A7CA-3503598DBF53}"
EndProject
Global
	GlobalSection(SolutionConfigurationPlatforms) = preSolution
		Debug|Any CPU = Debug|Any CPU
		Release|Any CPU = Release|Any CPU
	EndGlobalSection
	GlobalSection(ProjectConfigurationPlatforms) = postSolution
		{6775B5DA-4BC0-44CB-B5FE-504723C42FFB}.Debug|Any CPU.ActiveCfg = Debug|Any CPU
		{6775B5DA-4BC0-44CB-B5FE-504723C42FFB}.Debug|Any CPU.Build.0 = Debug|Any CPU
		{6775B5DA-4BC0-44CB-B5FE-504723C42FFB}.Release|Any CPU.ActiveCfg = Release|Any CPU
		{6775B5DA-4BC0-44CB-B5FE-504723C42FFB}.Release|Any CPU.Build.0 = Release|Any CPU
		{8C136A38-04B6-4E42-AAA1-6A26F01A49CE}.Debug|Any CPU.ActiveCfg = Debug|Any CPU
		{8C136A38-04B6-4E42-AAA1-6A26F01A49CE}.Debug|Any CPU.Build.0 = Debug|Any CPU
		{8C136A38-04B6-4E42-AAA1-6A26F01A49CE}.Release|Any CPU.ActiveCfg = Release|Any CPU
		{8C136A38-04B6-4E42-AAA1-6A26F01A49CE}.Release|Any CPU.Build.0 = Release|Any CPU
		{C25B6BAC-B95A-47FF-A7CA-3503598DBF53}.Debug|Any CPU.ActiveCfg = Debug|Any CPU
		{C25B6BAC-B95A-47FF-A7CA-3503598DBF53}.Debug|Any CPU.Build.0 = Debug|Any CPU
		{C25B6BAC-B95A-47FF-A7CA-3503598DBF53}.Release|Any CPU.ActiveCfg = Release|Any CPU
		{C25B6BAC-B95A-47FF-A7CA-3503598DBF53}.Release|Any CPU.Build.0 = Release|Any CPU
	EndGlobalSection
	GlobalSection(SolutionProperties) = preSolution
		HideSolutionNode = FALSE
	EndGlobalSection
	GlobalSection(ExtensibilityGlobals) = postSolution
		SolutionGuid = {0A81B55D-08A4-4E97-ACC6-08F2C8B25E7A}
	EndGlobalSection
EndGlobal
